// !$*UTF8*$!
{
	archiveVersion = 1;
	classes = {
	};
	objectVersion = 56;
	objects = {

/* Begin PBXBuildFile section */
		913779E42AC8C66A00A5FCC6 /* Extensions.swift in Sources */ = {isa = PBXBuildFile; fileRef = 913779E32AC8C66A00A5FCC6 /* Extensions.swift */; };
		918879F52AC7703A00BBFFD2 /* AppDelegate.swift in Sources */ = {isa = PBXBuildFile; fileRef = 918879F42AC7703A00BBFFD2 /* AppDelegate.swift */; };
		918879F72AC7703A00BBFFD2 /* SceneDelegate.swift in Sources */ = {isa = PBXBuildFile; fileRef = 918879F62AC7703A00BBFFD2 /* SceneDelegate.swift */; };
		918879F92AC7703A00BBFFD2 /* ConversationViewController.swift in Sources */ = {isa = PBXBuildFile; fileRef = 918879F82AC7703A00BBFFD2 /* ConversationViewController.swift */; };
		918879FC2AC7703A00BBFFD2 /* Main.storyboard in Resources */ = {isa = PBXBuildFile; fileRef = 918879FA2AC7703A00BBFFD2 /* Main.storyboard */; };
		918879FE2AC7703C00BBFFD2 /* Assets.xcassets in Resources */ = {isa = PBXBuildFile; fileRef = 918879FD2AC7703C00BBFFD2 /* Assets.xcassets */; };
		91887A012AC7703C00BBFFD2 /* LaunchScreen.storyboard in Resources */ = {isa = PBXBuildFile; fileRef = 918879FF2AC7703C00BBFFD2 /* LaunchScreen.storyboard */; };
		919392132AC784BB009BC9E8 /* LoginViewController.swift in Sources */ = {isa = PBXBuildFile; fileRef = 919392122AC784BB009BC9E8 /* LoginViewController.swift */; };
		919392152AC784C8009BC9E8 /* RegisterViewController.swift in Sources */ = {isa = PBXBuildFile; fileRef = 919392142AC784C8009BC9E8 /* RegisterViewController.swift */; };
		919392172AC784D8009BC9E8 /* PhotoViewerViewController.swift in Sources */ = {isa = PBXBuildFile; fileRef = 919392162AC784D8009BC9E8 /* PhotoViewerViewController.swift */; };
		919392192AC784E7009BC9E8 /* VideoPlayerViewController.swift in Sources */ = {isa = PBXBuildFile; fileRef = 919392182AC784E7009BC9E8 /* VideoPlayerViewController.swift */; };
		9193921B2AC784F3009BC9E8 /* ProfileViewController.swift in Sources */ = {isa = PBXBuildFile; fileRef = 9193921A2AC784F3009BC9E8 /* ProfileViewController.swift */; };
		9193921D2AC78514009BC9E8 /* NewConversationViewController.swift in Sources */ = {isa = PBXBuildFile; fileRef = 9193921C2AC78514009BC9E8 /* NewConversationViewController.swift */; };
		91C2A7B12AC9D31A0048EBAE /* FirebaseAuth in Frameworks */ = {isa = PBXBuildFile; productRef = 91C2A7B02AC9D31A0048EBAE /* FirebaseAuth */; };
		91C2A7B32AC9D31A0048EBAE /* FirebaseDatabase in Frameworks */ = {isa = PBXBuildFile; productRef = 91C2A7B22AC9D31A0048EBAE /* FirebaseDatabase */; };
		91C2A7B72AC9DA570048EBAE /* GoogleService-Info.plist in Resources */ = {isa = PBXBuildFile; fileRef = 91C2A7B62AC9DA550048EBAE /* GoogleService-Info.plist */; };
/* End PBXBuildFile section */

/* Begin PBXFileReference section */
		913779E32AC8C66A00A5FCC6 /* Extensions.swift */ = {isa = PBXFileReference; lastKnownFileType = sourcecode.swift; path = Extensions.swift; sourceTree = "<group>"; };
		918879F12AC7703A00BBFFD2 /* ChattingApp.app */ = {isa = PBXFileReference; explicitFileType = wrapper.application; includeInIndex = 0; path = ChattingApp.app; sourceTree = BUILT_PRODUCTS_DIR; };
		918879F42AC7703A00BBFFD2 /* AppDelegate.swift */ = {isa = PBXFileReference; lastKnownFileType = sourcecode.swift; path = AppDelegate.swift; sourceTree = "<group>"; };
		918879F62AC7703A00BBFFD2 /* SceneDelegate.swift */ = {isa = PBXFileReference; lastKnownFileType = sourcecode.swift; path = SceneDelegate.swift; sourceTree = "<group>"; };
		918879F82AC7703A00BBFFD2 /* ConversationViewController.swift */ = {isa = PBXFileReference; lastKnownFileType = sourcecode.swift; path = ConversationViewController.swift; sourceTree = "<group>"; };
		918879FB2AC7703A00BBFFD2 /* Base */ = {isa = PBXFileReference; lastKnownFileType = file.storyboard; name = Base; path = Base.lproj/Main.storyboard; sourceTree = "<group>"; };
		918879FD2AC7703C00BBFFD2 /* Assets.xcassets */ = {isa = PBXFileReference; lastKnownFileType = folder.assetcatalog; path = Assets.xcassets; sourceTree = "<group>"; };
		91887A002AC7703C00BBFFD2 /* Base */ = {isa = PBXFileReference; lastKnownFileType = file.storyboard; name = Base; path = Base.lproj/LaunchScreen.storyboard; sourceTree = "<group>"; };
		91887A022AC7703C00BBFFD2 /* Info.plist */ = {isa = PBXFileReference; lastKnownFileType = text.plist.xml; path = Info.plist; sourceTree = "<group>"; };
		919392122AC784BB009BC9E8 /* LoginViewController.swift */ = {isa = PBXFileReference; lastKnownFileType = sourcecode.swift; path = LoginViewController.swift; sourceTree = "<group>"; };
		919392142AC784C8009BC9E8 /* RegisterViewController.swift */ = {isa = PBXFileReference; lastKnownFileType = sourcecode.swift; path = RegisterViewController.swift; sourceTree = "<group>"; };
		919392162AC784D8009BC9E8 /* PhotoViewerViewController.swift */ = {isa = PBXFileReference; lastKnownFileType = sourcecode.swift; path = PhotoViewerViewController.swift; sourceTree = "<group>"; };
		919392182AC784E7009BC9E8 /* VideoPlayerViewController.swift */ = {isa = PBXFileReference; lastKnownFileType = sourcecode.swift; path = VideoPlayerViewController.swift; sourceTree = "<group>"; };
		9193921A2AC784F3009BC9E8 /* ProfileViewController.swift */ = {isa = PBXFileReference; lastKnownFileType = sourcecode.swift; path = ProfileViewController.swift; sourceTree = "<group>"; };
		9193921C2AC78514009BC9E8 /* NewConversationViewController.swift */ = {isa = PBXFileReference; lastKnownFileType = sourcecode.swift; path = NewConversationViewController.swift; sourceTree = "<group>"; };
		91C2A7B62AC9DA550048EBAE /* GoogleService-Info.plist */ = {isa = PBXFileReference; fileEncoding = 4; lastKnownFileType = text.plist.xml; path = "GoogleService-Info.plist"; sourceTree = "<group>"; };
/* End PBXFileReference section */

/* Begin PBXFrameworksBuildPhase section */
		918879EE2AC7703A00BBFFD2 /* Frameworks */ = {
			isa = PBXFrameworksBuildPhase;
			buildActionMask = 2147483647;
			files = (
				91C2A7B32AC9D31A0048EBAE /* FirebaseDatabase in Frameworks */,
				91C2A7B12AC9D31A0048EBAE /* FirebaseAuth in Frameworks */,
			);
			runOnlyForDeploymentPostprocessing = 0;
		};
/* End PBXFrameworksBuildPhase section */

/* Begin PBXGroup section */
		918879E82AC7703900BBFFD2 = {
			isa = PBXGroup;
			children = (
				918879F32AC7703A00BBFFD2 /* ChattingApp */,
				918879F22AC7703A00BBFFD2 /* Products */,
			);
			sourceTree = "<group>";
		};
		918879F22AC7703A00BBFFD2 /* Products */ = {
			isa = PBXGroup;
			children = (
				918879F12AC7703A00BBFFD2 /* ChattingApp.app */,
			);
			name = Products;
			sourceTree = "<group>";
		};
		918879F32AC7703A00BBFFD2 /* ChattingApp */ = {
			isa = PBXGroup;
			children = (
				919392112AC78452009BC9E8 /* Resources */,
				9193920E2AC78435009BC9E8 /* viewModel */,
				9193920D2AC7842F009BC9E8 /* View */,
				9193920C2AC78429009BC9E8 /* Model */,
				918879FA2AC7703A00BBFFD2 /* Main.storyboard */,
				918879FD2AC7703C00BBFFD2 /* Assets.xcassets */,
				918879F82AC7703A00BBFFD2 /* ConversationViewController.swift */,
				91887A022AC7703C00BBFFD2 /* Info.plist */,
				91C2A7B62AC9DA550048EBAE /* GoogleService-Info.plist */,
			);
			path = ChattingApp;
			sourceTree = "<group>";
		};
		9193920C2AC78429009BC9E8 /* Model */ = {
			isa = PBXGroup;
			children = (
			);
			path = Model;
			sourceTree = "<group>";
		};
		9193920D2AC7842F009BC9E8 /* View */ = {
			isa = PBXGroup;
			children = (
				919392102AC78448009BC9E8 /* Storyboard */,
				9193920F2AC7843E009BC9E8 /* Controllers */,
			);
			path = View;
			sourceTree = "<group>";
		};
		9193920E2AC78435009BC9E8 /* viewModel */ = {
			isa = PBXGroup;
			children = (
			);
			path = viewModel;
			sourceTree = "<group>";
		};
		9193920F2AC7843E009BC9E8 /* Controllers */ = {
			isa = PBXGroup;
			children = (
				919392122AC784BB009BC9E8 /* LoginViewController.swift */,
				919392142AC784C8009BC9E8 /* RegisterViewController.swift */,
				919392162AC784D8009BC9E8 /* PhotoViewerViewController.swift */,
				919392182AC784E7009BC9E8 /* VideoPlayerViewController.swift */,
				9193921A2AC784F3009BC9E8 /* ProfileViewController.swift */,
				9193921C2AC78514009BC9E8 /* NewConversationViewController.swift */,
			);
			path = Controllers;
			sourceTree = "<group>";
		};
		919392102AC78448009BC9E8 /* Storyboard */ = {
			isa = PBXGroup;
			children = (
				918879FF2AC7703C00BBFFD2 /* LaunchScreen.storyboard */,
			);
			path = Storyboard;
			sourceTree = "<group>";
		};
		919392112AC78452009BC9E8 /* Resources */ = {
			isa = PBXGroup;
			children = (
				918879F62AC7703A00BBFFD2 /* SceneDelegate.swift */,
				918879F42AC7703A00BBFFD2 /* AppDelegate.swift */,
				913779E32AC8C66A00A5FCC6 /* Extensions.swift */,
			);
			path = Resources;
			sourceTree = "<group>";
		};
/* End PBXGroup section */

/* Begin PBXNativeTarget section */
		918879F02AC7703A00BBFFD2 /* ChattingApp */ = {
			isa = PBXNativeTarget;
			buildConfigurationList = 91887A052AC7703C00BBFFD2 /* Build configuration list for PBXNativeTarget "ChattingApp" */;
			buildPhases = (
				918879ED2AC7703A00BBFFD2 /* Sources */,
				918879EE2AC7703A00BBFFD2 /* Frameworks */,
				918879EF2AC7703A00BBFFD2 /* Resources */,
			);
			buildRules = (
			);
			dependencies = (
			);
			name = ChattingApp;
			packageProductDependencies = (
				91C2A7B02AC9D31A0048EBAE /* FirebaseAuth */,
				91C2A7B22AC9D31A0048EBAE /* FirebaseDatabase */,
			);
			productName = ChattingApp;
			productReference = 918879F12AC7703A00BBFFD2 /* ChattingApp.app */;
			productType = "com.apple.product-type.application";
		};
/* End PBXNativeTarget section */

/* Begin PBXProject section */
		918879E92AC7703900BBFFD2 /* Project object */ = {
			isa = PBXProject;
			attributes = {
				BuildIndependentTargetsInParallel = 1;
				LastSwiftUpdateCheck = 1420;
				LastUpgradeCheck = 1420;
				TargetAttributes = {
					918879F02AC7703A00BBFFD2 = {
						CreatedOnToolsVersion = 14.2;
					};
				};
			};
			buildConfigurationList = 918879EC2AC7703900BBFFD2 /* Build configuration list for PBXProject "ChattingApp" */;
			compatibilityVersion = "Xcode 14.0";
			developmentRegion = en;
			hasScannedForEncodings = 0;
			knownRegions = (
				en,
				Base,
			);
			mainGroup = 918879E82AC7703900BBFFD2;
			packageReferences = (
				91C2A7AF2AC9D31A0048EBAE /* XCRemoteSwiftPackageReference "firebase-ios-sdk" */,
			);
			productRefGroup = 918879F22AC7703A00BBFFD2 /* Products */;
			projectDirPath = "";
			projectRoot = "";
			targets = (
				918879F02AC7703A00BBFFD2 /* ChattingApp */,
			);
		};
/* End PBXProject section */

/* Begin PBXResourcesBuildPhase section */
		918879EF2AC7703A00BBFFD2 /* Resources */ = {
			isa = PBXResourcesBuildPhase;
			buildActionMask = 2147483647;
			files = (
				91887A012AC7703C00BBFFD2 /* LaunchScreen.storyboard in Resources */,
				91C2A7B72AC9DA570048EBAE /* GoogleService-Info.plist in Resources */,
				918879FE2AC7703C00BBFFD2 /* Assets.xcassets in Resources */,
				918879FC2AC7703A00BBFFD2 /* Main.storyboard in Resources */,
			);
			runOnlyForDeploymentPostprocessing = 0;
		};
/* End PBXResourcesBuildPhase section */

/* Begin PBXSourcesBuildPhase section */
		918879ED2AC7703A00BBFFD2 /* Sources */ = {
			isa = PBXSourcesBuildPhase;
			buildActionMask = 2147483647;
			files = (
				919392132AC784BB009BC9E8 /* LoginViewController.swift in Sources */,
				919392152AC784C8009BC9E8 /* RegisterViewController.swift in Sources */,
				918879F92AC7703A00BBFFD2 /* ConversationViewController.swift in Sources */,
				919392192AC784E7009BC9E8 /* VideoPlayerViewController.swift in Sources */,
				918879F52AC7703A00BBFFD2 /* AppDelegate.swift in Sources */,
				913779E42AC8C66A00A5FCC6 /* Extensions.swift in Sources */,
				918879F72AC7703A00BBFFD2 /* SceneDelegate.swift in Sources */,
				9193921D2AC78514009BC9E8 /* NewConversationViewController.swift in Sources */,
				9193921B2AC784F3009BC9E8 /* ProfileViewController.swift in Sources */,
				919392172AC784D8009BC9E8 /* PhotoViewerViewController.swift in Sources */,
			);
			runOnlyForDeploymentPostprocessing = 0;
		};
/* End PBXSourcesBuildPhase section */

/* Begin PBXVariantGroup section */
		918879FA2AC7703A00BBFFD2 /* Main.storyboard */ = {
			isa = PBXVariantGroup;
			children = (
				918879FB2AC7703A00BBFFD2 /* Base */,
			);
			name = Main.storyboard;
			sourceTree = "<group>";
		};
		918879FF2AC7703C00BBFFD2 /* LaunchScreen.storyboard */ = {
			isa = PBXVariantGroup;
			children = (
				91887A002AC7703C00BBFFD2 /* Base */,
			);
			name = LaunchScreen.storyboard;
			sourceTree = "<group>";
		};
/* End PBXVariantGroup section */

/* Begin XCBuildConfiguration section */
		91887A032AC7703C00BBFFD2 /* Debug */ = {
			isa = XCBuildConfiguration;
			buildSettings = {
				ALWAYS_SEARCH_USER_PATHS = NO;
				CLANG_ANALYZER_NONNULL = YES;
				CLANG_ANALYZER_NUMBER_OBJECT_CONVERSION = YES_AGGRESSIVE;
				CLANG_CXX_LANGUAGE_STANDARD = "gnu++20";
				CLANG_ENABLE_MODULES = YES;
				CLANG_ENABLE_OBJC_ARC = YES;
				CLANG_ENABLE_OBJC_WEAK = YES;
				CLANG_WARN_BLOCK_CAPTURE_AUTORELEASING = YES;
				CLANG_WARN_BOOL_CONVERSION = YES;
				CLANG_WARN_COMMA = YES;
				CLANG_WARN_CONSTANT_CONVERSION = YES;
				CLANG_WARN_DEPRECATED_OBJC_IMPLEMENTATIONS = YES;
				CLANG_WARN_DIRECT_OBJC_ISA_USAGE = YES_ERROR;
				CLANG_WARN_DOCUMENTATION_COMMENTS = YES;
				CLANG_WARN_EMPTY_BODY = YES;
				CLANG_WARN_ENUM_CONVERSION = YES;
				CLANG_WARN_INFINITE_RECURSION = YES;
				CLANG_WARN_INT_CONVERSION = YES;
				CLANG_WARN_NON_LITERAL_NULL_CONVERSION = YES;
				CLANG_WARN_OBJC_IMPLICIT_RETAIN_SELF = YES;
				CLANG_WARN_OBJC_LITERAL_CONVERSION = YES;
				CLANG_WARN_OBJC_ROOT_CLASS = YES_ERROR;
				CLANG_WARN_QUOTED_INCLUDE_IN_FRAMEWORK_HEADER = YES;
				CLANG_WARN_RANGE_LOOP_ANALYSIS = YES;
				CLANG_WARN_STRICT_PROTOTYPES = YES;
				CLANG_WARN_SUSPICIOUS_MOVE = YES;
				CLANG_WARN_UNGUARDED_AVAILABILITY = YES_AGGRESSIVE;
				CLANG_WARN_UNREACHABLE_CODE = YES;
				CLANG_WARN__DUPLICATE_METHOD_MATCH = YES;
				COPY_PHASE_STRIP = NO;
				DEBUG_INFORMATION_FORMAT = dwarf;
				ENABLE_STRICT_OBJC_MSGSEND = YES;
				ENABLE_TESTABILITY = YES;
				GCC_C_LANGUAGE_STANDARD = gnu11;
				GCC_DYNAMIC_NO_PIC = NO;
				GCC_NO_COMMON_BLOCKS = YES;
				GCC_OPTIMIZATION_LEVEL = 0;
				GCC_PREPROCESSOR_DEFINITIONS = (
					"DEBUG=1",
					"$(inherited)",
				);
				GCC_WARN_64_TO_32_BIT_CONVERSION = YES;
				GCC_WARN_ABOUT_RETURN_TYPE = YES_ERROR;
				GCC_WARN_UNDECLARED_SELECTOR = YES;
				GCC_WARN_UNINITIALIZED_AUTOS = YES_AGGRESSIVE;
				GCC_WARN_UNUSED_FUNCTION = YES;
				GCC_WARN_UNUSED_VARIABLE = YES;
				IPHONEOS_DEPLOYMENT_TARGET = 16.2;
				MTL_ENABLE_DEBUG_INFO = INCLUDE_SOURCE;
				MTL_FAST_MATH = YES;
				ONLY_ACTIVE_ARCH = YES;
				SDKROOT = iphoneos;
				SWIFT_ACTIVE_COMPILATION_CONDITIONS = DEBUG;
				SWIFT_OPTIMIZATION_LEVEL = "-Onone";
			};
			name = Debug;
		};
		91887A042AC7703C00BBFFD2 /* Release */ = {
			isa = XCBuildConfiguration;
			buildSettings = {
				ALWAYS_SEARCH_USER_PATHS = NO;
				CLANG_ANALYZER_NONNULL = YES;
				CLANG_ANALYZER_NUMBER_OBJECT_CONVERSION = YES_AGGRESSIVE;
				CLANG_CXX_LANGUAGE_STANDARD = "gnu++20";
				CLANG_ENABLE_MODULES = YES;
				CLANG_ENABLE_OBJC_ARC = YES;
				CLANG_ENABLE_OBJC_WEAK = YES;
				CLANG_WARN_BLOCK_CAPTURE_AUTORELEASING = YES;
				CLANG_WARN_BOOL_CONVERSION = YES;
				CLANG_WARN_COMMA = YES;
				CLANG_WARN_CONSTANT_CONVERSION = YES;
				CLANG_WARN_DEPRECATED_OBJC_IMPLEMENTATIONS = YES;
				CLANG_WARN_DIRECT_OBJC_ISA_USAGE = YES_ERROR;
				CLANG_WARN_DOCUMENTATION_COMMENTS = YES;
				CLANG_WARN_EMPTY_BODY = YES;
				CLANG_WARN_ENUM_CONVERSION = YES;
				CLANG_WARN_INFINITE_RECURSION = YES;
				CLANG_WARN_INT_CONVERSION = YES;
				CLANG_WARN_NON_LITERAL_NULL_CONVERSION = YES;
				CLANG_WARN_OBJC_IMPLICIT_RETAIN_SELF = YES;
				CLANG_WARN_OBJC_LITERAL_CONVERSION = YES;
				CLANG_WARN_OBJC_ROOT_CLASS = YES_ERROR;
				CLANG_WARN_QUOTED_INCLUDE_IN_FRAMEWORK_HEADER = YES;
				CLANG_WARN_RANGE_LOOP_ANALYSIS = YES;
				CLANG_WARN_STRICT_PROTOTYPES = YES;
				CLANG_WARN_SUSPICIOUS_MOVE = YES;
				CLANG_WARN_UNGUARDED_AVAILABILITY = YES_AGGRESSIVE;
				CLANG_WARN_UNREACHABLE_CODE = YES;
				CLANG_WARN__DUPLICATE_METHOD_MATCH = YES;
				COPY_PHASE_STRIP = NO;
				DEBUG_INFORMATION_FORMAT = "dwarf-with-dsym";
				ENABLE_NS_ASSERTIONS = NO;
				ENABLE_STRICT_OBJC_MSGSEND = YES;
				GCC_C_LANGUAGE_STANDARD = gnu11;
				GCC_NO_COMMON_BLOCKS = YES;
				GCC_WARN_64_TO_32_BIT_CONVERSION = YES;
				GCC_WARN_ABOUT_RETURN_TYPE = YES_ERROR;
				GCC_WARN_UNDECLARED_SELECTOR = YES;
				GCC_WARN_UNINITIALIZED_AUTOS = YES_AGGRESSIVE;
				GCC_WARN_UNUSED_FUNCTION = YES;
				GCC_WARN_UNUSED_VARIABLE = YES;
				IPHONEOS_DEPLOYMENT_TARGET = 16.2;
				MTL_ENABLE_DEBUG_INFO = NO;
				MTL_FAST_MATH = YES;
				SDKROOT = iphoneos;
				SWIFT_COMPILATION_MODE = wholemodule;
				SWIFT_OPTIMIZATION_LEVEL = "-O";
				VALIDATE_PRODUCT = YES;
			};
			name = Release;
		};
		91887A062AC7703C00BBFFD2 /* Debug */ = {
			isa = XCBuildConfiguration;
			buildSettings = {
				ASSETCATALOG_COMPILER_APPICON_NAME = AppIcon;
				ASSETCATALOG_COMPILER_GLOBAL_ACCENT_COLOR_NAME = AccentColor;
				CODE_SIGN_STYLE = Automatic;
				CURRENT_PROJECT_VERSION = 1;
				GENERATE_INFOPLIST_FILE = YES;
				INFOPLIST_FILE = ChattingApp/Info.plist;
				INFOPLIST_KEY_UIApplicationSupportsIndirectInputEvents = YES;
				INFOPLIST_KEY_UILaunchStoryboardName = LaunchScreen;
				INFOPLIST_KEY_UIMainStoryboardFile = Main;
				INFOPLIST_KEY_UISupportedInterfaceOrientations = UIInterfaceOrientationPortrait;
				INFOPLIST_KEY_UISupportedInterfaceOrientations_iPad = "UIInterfaceOrientationLandscapeLeft UIInterfaceOrientationLandscapeRight UIInterfaceOrientationPortrait UIInterfaceOrientationPortraitUpsideDown";
				LD_RUNPATH_SEARCH_PATHS = (
					"$(inherited)",
					"@executable_path/Frameworks",
				);
				MARKETING_VERSION = 1.0;
				PRODUCT_BUNDLE_IDENTIFIER = ProjectsMySelf.ChattingApp;
				PRODUCT_NAME = "$(TARGET_NAME)";
				SWIFT_EMIT_LOC_STRINGS = YES;
				SWIFT_VERSION = 5.0;
				TARGETED_DEVICE_FAMILY = "1,2";
			};
			name = Debug;
		};
		91887A072AC7703C00BBFFD2 /* Release */ = {
			isa = XCBuildConfiguration;
			buildSettings = {
				ASSETCATALOG_COMPILER_APPICON_NAME = AppIcon;
				ASSETCATALOG_COMPILER_GLOBAL_ACCENT_COLOR_NAME = AccentColor;
				CODE_SIGN_STYLE = Automatic;
				CURRENT_PROJECT_VERSION = 1;
				GENERATE_INFOPLIST_FILE = YES;
				INFOPLIST_FILE = ChattingApp/Info.plist;
				INFOPLIST_KEY_UIApplicationSupportsIndirectInputEvents = YES;
				INFOPLIST_KEY_UILaunchStoryboardName = LaunchScreen;
				INFOPLIST_KEY_UIMainStoryboardFile = Main;
				INFOPLIST_KEY_UISupportedInterfaceOrientations = UIInterfaceOrientationPortrait;
				INFOPLIST_KEY_UISupportedInterfaceOrientations_iPad = "UIInterfaceOrientationLandscapeLeft UIInterfaceOrientationLandscapeRight UIInterfaceOrientationPortrait UIInterfaceOrientationPortraitUpsideDown";
				LD_RUNPATH_SEARCH_PATHS = (
					"$(inherited)",
					"@executable_path/Frameworks",
				);
				MARKETING_VERSION = 1.0;
				PRODUCT_BUNDLE_IDENTIFIER = ProjectsMySelf.ChattingApp;
				PRODUCT_NAME = "$(TARGET_NAME)";
				SWIFT_EMIT_LOC_STRINGS = YES;
				SWIFT_VERSION = 5.0;
				TARGETED_DEVICE_FAMILY = "1,2";
			};
			name = Release;
		};
/* End XCBuildConfiguration section */

/* Begin XCConfigurationList section */
		918879EC2AC7703900BBFFD2 /* Build configuration list for PBXProject "ChattingApp" */ = {
			isa = XCConfigurationList;
			buildConfigurations = (
				91887A032AC7703C00BBFFD2 /* Debug */,
				91887A042AC7703C00BBFFD2 /* Release */,
			);
			defaultConfigurationIsVisible = 0;
			defaultConfigurationName = Release;
		};
		91887A052AC7703C00BBFFD2 /* Build configuration list for PBXNativeTarget "ChattingApp" */ = {
			isa = XCConfigurationList;
			buildConfigurations = (
				91887A062AC7703C00BBFFD2 /* Debug */,
				91887A072AC7703C00BBFFD2 /* Release */,
			);
			defaultConfigurationIsVisible = 0;
			defaultConfigurationName = Release;
		};
/* End XCConfigurationList section */

/* Begin XCRemoteSwiftPackageReference section */
		91C2A7AF2AC9D31A0048EBAE /* XCRemoteSwiftPackageReference "firebase-ios-sdk" */ = {
			isa = XCRemoteSwiftPackageReference;
			repositoryURL = "https://github.com/firebase/firebase-ios-sdk.git";
			requirement = {
				kind = upToNextMajorVersion;
				minimumVersion = 8.0.0;
			};
		};
/* End XCRemoteSwiftPackageReference section */

/* Begin XCSwiftPackageProductDependency section */
		91C2A7B02AC9D31A0048EBAE /* FirebaseAuth */ = {
			isa = XCSwiftPackageProductDependency;
			package = 91C2A7AF2AC9D31A0048EBAE /* XCRemoteSwiftPackageReference "firebase-ios-sdk" */;
			productName = FirebaseAuth;
		};
		91C2A7B22AC9D31A0048EBAE /* FirebaseDatabase */ = {
			isa = XCSwiftPackageProductDependency;
			package = 91C2A7AF2AC9D31A0048EBAE /* XCRemoteSwiftPackageReference "firebase-ios-sdk" */;
			productName = FirebaseDatabase;
		};
/* End XCSwiftPackageProductDependency section */
	};
	rootObject = 918879E92AC7703900BBFFD2 /* Project object */;
}
